
Microsoft Visual Studio Solution File, Format Version 12.00
# Visual Studio Version 17
VisualStudioVersion = 17.13.35806.99 d17.13
MinimumVisualStudioVersion = 10.0.40219.1
Project("{FAE04EC0-301F-11D3-BF4B-00C04F79EFBC}") = "APICatalogo", "APICatalogo\APICatalogo.csproj", "{8C165F59-B3E3-41C3-BEBD-80A92C33C2C6}"
EndProject
Global
	GlobalSection(SolutionConfigurationPlatforms) = preSolution
		Debug|Any CPU = Debug|Any CPU
		Release|Any CPU = Release|Any CPU
	EndGlobalSection
	GlobalSection(ProjectConfigurationPlatforms) = postSolution
		{8C165F59-B3E3-41C3-BEBD-80A92C33C2C6}.Debug|Any CPU.ActiveCfg = Debug|Any CPU
		{8C165F59-B3E3-41C3-BEBD-80A92C33C2C6}.Debug|Any CPU.Build.0 = Debug|Any CPU
		{8C165F59-B3E3-41C3-BEBD-80A92C33C2C6}.Release|Any CPU.ActiveCfg = Release|Any CPU
		{8C165F59-B3E3-41C3-BEBD-80A92C33C2C6}.Release|Any CPU.Build.0 = Release|Any CPU
	EndGlobalSection
	GlobalSection(SolutionProperties) = preSolution
		HideSolutionNode = FALSE
	EndGlobalSection
	GlobalSection(ExtensibilityGlobals) = postSolution
		SolutionGuid = {8CFD86EF-8069-490F-BCF2-17EB53BA3892}
	EndGlobalSection
EndGlobal
